
Microsoft Visual Studio Solution File, Format Version 12.00
Project("{FAE04EC0-301F-11D3-BF4B-00C04F79EFBC}") = "LuxuryWatchesApiTests", "LuxuryWatchesApiTests\LuxuryWatchesApiTests.csproj", "{6A6725C6-021E-401E-976D-4C11F28AFC62}"
EndProject
Global
	GlobalSection(SolutionConfigurationPlatforms) = preSolution
		Debug|Any CPU = Debug|Any CPU
		Release|Any CPU = Release|Any CPU
	EndGlobalSection
	GlobalSection(ProjectConfigurationPlatforms) = postSolution
		{6A6725C6-021E-401E-976D-4C11F28AFC62}.Debug|Any CPU.ActiveCfg = Debug|Any CPU
		{6A6725C6-021E-401E-976D-4C11F28AFC62}.Debug|Any CPU.Build.0 = Debug|Any CPU
		{6A6725C6-021E-401E-976D-4C11F28AFC62}.Release|Any CPU.ActiveCfg = Release|Any CPU
		{6A6725C6-021E-401E-976D-4C11F28AFC62}.Release|Any CPU.Build.0 = Release|Any CPU
	EndGlobalSection
EndGlobal
